
Microsoft Visual Studio Solution File, Format Version 12.00
# Visual Studio Version 17
VisualStudioVersion = 17.4.33103.184
MinimumVisualStudioVersion = 10.0.40219.1
Project("{9A19103F-16F7-4668-BE54-9A1E7A4F7556}") = "CarWash.Api", "CarWash.Api\CarWash.Api.csproj", "{8FDB0E32-1CCE-4A77-9394-9D4ADA817E6E}"
EndProject
Project("{9A19103F-16F7-4668-BE54-9A1E7A4F7556}") = "CarWash.Api.Models", "Models\CarWash.Api.Models.csproj", "{E06A370B-4B7B-4799-A626-FFFAE3F8DC3B}"
EndProject
Project("{9A19103F-16F7-4668-BE54-9A1E7A4F7556}") = "CarWash.Api.Data", "DataProvider\CarWash.Api.Data.csproj", "{A5ABD5D1-5E98-4206-B52C-637DC9BCE7C2}"
EndProject
Project("{2150E333-8FDC-42A3-9474-1A3956D46DE8}") = "CarWasApi", "CarWasApi", "{28033E86-3103-46D5-BAA4-685EEBD22861}"
EndProject
Project("{9A19103F-16F7-4668-BE54-9A1E7A4F7556}") = "CarWash.Api.Repositories", "CarWash.Api.Repositories\CarWash.Api.Repositories.csproj", "{68F47A6A-8567-418B-89B9-37BC662DB1C9}"
EndProject
Project("{2150E333-8FDC-42A3-9474-1A3956D46DE8}") = "Shared", "Shared", "{0405ED5C-C527-45ED-893E-CCEFAEECFE43}"
EndProject
Project("{9A19103F-16F7-4668-BE54-9A1E7A4F7556}") = "CarWash.ViewModels", "CarWash.ViewModels\CarWash.ViewModels.csproj", "{A388DE03-8822-4B50-8A90-54C14D96D72C}"
EndProject
Project("{2150E333-8FDC-42A3-9474-1A3956D46DE8}") = "CarWashBlazorUI", "CarWashBlazorUI", "{538E0FD5-A7FF-42AD-8A96-DF061286899C}"
EndProject
Project("{9A19103F-16F7-4668-BE54-9A1E7A4F7556}") = "CarWash.BlazorUI", "CarWash.BlazorUI\CarWash.BlazorUI.csproj", "{A826993A-8BB4-490D-9FE6-7350BA8E1901}"
EndProject
Project("{9A19103F-16F7-4668-BE54-9A1E7A4F7556}") = "CarWash.BlazorUI.Repositories", "CarWash.BlazorUI.Repositories\CarWash.BlazorUI.Repositories.csproj", "{6B50DB42-1D14-4A97-A53E-7F29A9188672}"
EndProject
Global
	GlobalSection(SolutionConfigurationPlatforms) = preSolution
		Debug|Any CPU = Debug|Any CPU
		Release|Any CPU = Release|Any CPU
	EndGlobalSection
	GlobalSection(ProjectConfigurationPlatforms) = postSolution
		{8FDB0E32-1CCE-4A77-9394-9D4ADA817E6E}.Debug|Any CPU.ActiveCfg = Debug|Any CPU
		{8FDB0E32-1CCE-4A77-9394-9D4ADA817E6E}.Debug|Any CPU.Build.0 = Debug|Any CPU
		{8FDB0E32-1CCE-4A77-9394-9D4ADA817E6E}.Release|Any CPU.ActiveCfg = Release|Any CPU
		{8FDB0E32-1CCE-4A77-9394-9D4ADA817E6E}.Release|Any CPU.Build.0 = Release|Any CPU
		{E06A370B-4B7B-4799-A626-FFFAE3F8DC3B}.Debug|Any CPU.ActiveCfg = Debug|Any CPU
		{E06A370B-4B7B-4799-A626-FFFAE3F8DC3B}.Debug|Any CPU.Build.0 = Debug|Any CPU
		{E06A370B-4B7B-4799-A626-FFFAE3F8DC3B}.Release|Any CPU.ActiveCfg = Release|Any CPU
		{E06A370B-4B7B-4799-A626-FFFAE3F8DC3B}.Release|Any CPU.Build.0 = Release|Any CPU
		{A5ABD5D1-5E98-4206-B52C-637DC9BCE7C2}.Debug|Any CPU.ActiveCfg = Debug|Any CPU
		{A5ABD5D1-5E98-4206-B52C-637DC9BCE7C2}.Debug|Any CPU.Build.0 = Debug|Any CPU
		{A5ABD5D1-5E98-4206-B52C-637DC9BCE7C2}.Release|Any CPU.ActiveCfg = Release|Any CPU
		{A5ABD5D1-5E98-4206-B52C-637DC9BCE7C2}.Release|Any CPU.Build.0 = Release|Any CPU
		{68F47A6A-8567-418B-89B9-37BC662DB1C9}.Debug|Any CPU.ActiveCfg = Debug|Any CPU
		{68F47A6A-8567-418B-89B9-37BC662DB1C9}.Debug|Any CPU.Build.0 = Debug|Any CPU
		{68F47A6A-8567-418B-89B9-37BC662DB1C9}.Release|Any CPU.ActiveCfg = Release|Any CPU
		{68F47A6A-8567-418B-89B9-37BC662DB1C9}.Release|Any CPU.Build.0 = Release|Any CPU
		{A388DE03-8822-4B50-8A90-54C14D96D72C}.Debug|Any CPU.ActiveCfg = Debug|Any CPU
		{A388DE03-8822-4B50-8A90-54C14D96D72C}.Debug|Any CPU.Build.0 = Debug|Any CPU
		{A388DE03-8822-4B50-8A90-54C14D96D72C}.Release|Any CPU.ActiveCfg = Release|Any CPU
		{A388DE03-8822-4B50-8A90-54C14D96D72C}.Release|Any CPU.Build.0 = Release|Any CPU
		{A826993A-8BB4-490D-9FE6-7350BA8E1901}.Debug|Any CPU.ActiveCfg = Debug|Any CPU
		{A826993A-8BB4-490D-9FE6-7350BA8E1901}.Debug|Any CPU.Build.0 = Debug|Any CPU
		{A826993A-8BB4-490D-9FE6-7350BA8E1901}.Release|Any CPU.ActiveCfg = Release|Any CPU
		{A826993A-8BB4-490D-9FE6-7350BA8E1901}.Release|Any CPU.Build.0 = Release|Any CPU
		{6B50DB42-1D14-4A97-A53E-7F29A9188672}.Debug|Any CPU.ActiveCfg = Debug|Any CPU
		{6B50DB42-1D14-4A97-A53E-7F29A9188672}.Debug|Any CPU.Build.0 = Debug|Any CPU
		{6B50DB42-1D14-4A97-A53E-7F29A9188672}.Release|Any CPU.ActiveCfg = Release|Any CPU
		{6B50DB42-1D14-4A97-A53E-7F29A9188672}.Release|Any CPU.Build.0 = Release|Any CPU
	EndGlobalSection
	GlobalSection(SolutionProperties) = preSolution
		HideSolutionNode = FALSE
	EndGlobalSection
	GlobalSection(NestedProjects) = preSolution
		{8FDB0E32-1CCE-4A77-9394-9D4ADA817E6E} = {28033E86-3103-46D5-BAA4-685EEBD22861}
		{E06A370B-4B7B-4799-A626-FFFAE3F8DC3B} = {28033E86-3103-46D5-BAA4-685EEBD22861}
		{A5ABD5D1-5E98-4206-B52C-637DC9BCE7C2} = {28033E86-3103-46D5-BAA4-685EEBD22861}
		{68F47A6A-8567-418B-89B9-37BC662DB1C9} = {28033E86-3103-46D5-BAA4-685EEBD22861}
		{A388DE03-8822-4B50-8A90-54C14D96D72C} = {0405ED5C-C527-45ED-893E-CCEFAEECFE43}
		{A826993A-8BB4-490D-9FE6-7350BA8E1901} = {538E0FD5-A7FF-42AD-8A96-DF061286899C}
		{6B50DB42-1D14-4A97-A53E-7F29A9188672} = {538E0FD5-A7FF-42AD-8A96-DF061286899C}
	EndGlobalSection
	GlobalSection(ExtensibilityGlobals) = postSolution
		SolutionGuid = {AADF38A7-42A9-4F51-A42D-9013BC28A615}
	EndGlobalSection
EndGlobal
